dependencies:
- name: opentelemetry-collector
  repository: https://open-telemetry.github.io/opentelemetry-helm-charts
  version: 0.55.2
- name: solr
  repository: https://charts.bitnami.com/bitnami
  version: 9.4.7
digest: sha256:7a5cac06a4e904baba4c348deaf1508cd519b38d87eec31bf3fc83fdf1ed8773
generated: "2024-10-29T10:39:01.222060298Z"
