dependencies:
- name: opentelemetry-collector
  repository: https://open-telemetry.github.io/opentelemetry-helm-charts
  version: 0.55.2
- name: solr
  repository: https://charts.bitnami.com/bitnami
  version: 9.4.6
digest: sha256:f87d5ff7aabc46ed40ace17bf5390db79fe7f24c08be0e221bd029007a1a37ef
generated: "2024-10-20T01:59:11.759212739Z"
