dependencies:
- name: opentelemetry-collector
  repository: https://open-telemetry.github.io/opentelemetry-helm-charts
  version: 0.108.0
- name: solr
  repository: https://charts.bitnami.com/bitnami
  version: 9.1.3
digest: sha256:75de0e911da50e3b3558af4ee6e1fec21cfc23fbbadb639c7fee2064329a6793
generated: "2024-10-17T14:04:24.46501799Z"
